
Microsoft Visual Studio Solution File, Format Version 12.00
# Visual Studio Version 17
VisualStudioVersion = 17.3.32901.215
MinimumVisualStudioVersion = 10.0.40219.1
Project("{FAE04EC0-301F-11D3-BF4B-00C04F79EFBC}") = "assignment2_AlekseiStepanov", "assignment2_AlekseiStepanov\assignment2_AlekseiStepanov.csproj", "{6973F12E-293C-4FB4-BEC9-86C602642516}"
EndProject
Global
	GlobalSection(SolutionConfigurationPlatforms) = preSolution
		Debug|Any CPU = Debug|Any CPU
		Release|Any CPU = Release|Any CPU
	EndGlobalSection
	GlobalSection(ProjectConfigurationPlatforms) = postSolution
		{6973F12E-293C-4FB4-BEC9-86C602642516}.Debug|Any CPU.ActiveCfg = Debug|Any CPU
		{6973F12E-293C-4FB4-BEC9-86C602642516}.Debug|Any CPU.Build.0 = Debug|Any CPU
		{6973F12E-293C-4FB4-BEC9-86C602642516}.Release|Any CPU.ActiveCfg = Release|Any CPU
		{6973F12E-293C-4FB4-BEC9-86C602642516}.Release|Any CPU.Build.0 = Release|Any CPU
	EndGlobalSection
	GlobalSection(SolutionProperties) = preSolution
		HideSolutionNode = FALSE
	EndGlobalSection
	GlobalSection(ExtensibilityGlobals) = postSolution
		SolutionGuid = {472F2019-7E83-4BFA-952A-2CEC26362C1D}
	EndGlobalSection
EndGlobal
